
Microsoft Visual Studio Solution File, Format Version 11.00
# Visual Studio 2010
Project("{8BC9CEB8-8B4A-11D0-8D11-00A0C91BC942}") = "Plasma", "Plasma\Plasma.vcxproj", "{1ABCAC03-5A08-4445-81C7-8B3EC8D7BC2C}"
EndProject
Project("{8BC9CEB8-8B4A-11D0-8D11-00A0C91BC942}") = "Theater", "Theater\Theater.vcxproj", "{9FD7C29C-8393-40DE-9C67-885132301D34}"
EndProject
Global
	GlobalSection(SolutionConfigurationPlatforms) = preSolution
		Debug|Linux = Debug|Linux
		Debug|Win32 = Debug|Win32
		Release|Linux = Release|Linux
		Release|Win32 = Release|Win32
	EndGlobalSection
	GlobalSection(ProjectConfigurationPlatforms) = postSolution
		{1ABCAC03-5A08-4445-81C7-8B3EC8D7BC2C}.Debug|Linux.ActiveCfg = Debug|Win32
		{1ABCAC03-5A08-4445-81C7-8B3EC8D7BC2C}.Debug|Linux.Build.0 = Debug|Win32
		{1ABCAC03-5A08-4445-81C7-8B3EC8D7BC2C}.Debug|Win32.ActiveCfg = Release|Win32
		{1ABCAC03-5A08-4445-81C7-8B3EC8D7BC2C}.Debug|Win32.Build.0 = Release|Win32
		{1ABCAC03-5A08-4445-81C7-8B3EC8D7BC2C}.Release|Linux.ActiveCfg = Release|Win32
		{1ABCAC03-5A08-4445-81C7-8B3EC8D7BC2C}.Release|Linux.Build.0 = Release|Win32
		{1ABCAC03-5A08-4445-81C7-8B3EC8D7BC2C}.Release|Win32.ActiveCfg = Release|Win32
		{1ABCAC03-5A08-4445-81C7-8B3EC8D7BC2C}.Release|Win32.Build.0 = Release|Win32
		{9FD7C29C-8393-40DE-9C67-885132301D34}.Debug|Linux.ActiveCfg = Debug|Win32
		{9FD7C29C-8393-40DE-9C67-885132301D34}.Debug|Linux.Build.0 = Debug|Win32
		{9FD7C29C-8393-40DE-9C67-885132301D34}.Debug|Win32.ActiveCfg = Release|Win32
		{9FD7C29C-8393-40DE-9C67-885132301D34}.Debug|Win32.Build.0 = Release|Win32
		{9FD7C29C-8393-40DE-9C67-885132301D34}.Release|Linux.ActiveCfg = Release|Win32
		{9FD7C29C-8393-40DE-9C67-885132301D34}.Release|Linux.Build.0 = Release|Win32
		{9FD7C29C-8393-40DE-9C67-885132301D34}.Release|Win32.ActiveCfg = Release|Win32
		{9FD7C29C-8393-40DE-9C67-885132301D34}.Release|Win32.Build.0 = Release|Win32
	EndGlobalSection
	GlobalSection(SolutionProperties) = preSolution
		HideSolutionNode = FALSE
	EndGlobalSection
EndGlobal
