<?xml version="1.0" encoding="utf-8"?>
<Project ToolsVersion="4.0" xmlns="http://schemas.microsoft.com/developer/msbuild/2003">
  <ItemGroup>
    <Filter Include="Source Files">
      <UniqueIdentifier>{4FC737F1-C7A5-4376-A066-2A32D752A2FF}</UniqueIdentifier>
      <Extensions>cpp;c;cc;cxx;def;odl;idl;hpj;bat;asm;asmx</Extensions>
    </Filter>
    <Filter Include="Header Files">
      <UniqueIdentifier>{93995380-89BD-4b04-88EB-625FBE52EBFB}</UniqueIdentifier>
      <Extensions>h;hpp;hxx;hm;inl;inc;xsd</Extensions>
    </Filter>
    <Filter Include="Resource Files">
      <UniqueIdentifier>{67DA6AB6-F800-4c08-8B7A-83BB121AAD01}</UniqueIdentifier>
      <Extensions>rc;ico;cur;bmp;dlg;rc2;rct;bin;rgs;gif;jpg;jpeg;jpe;resx;tiff;tif;png;wav;mfcribbon-ms</Extensions>
    </Filter>
    <Filter Include="Header Files\Framework">
      <UniqueIdentifier>{604cd26b-fe22-4d2e-b995-09674d427165}</UniqueIdentifier>
    </Filter>
    <Filter Include="Header Files\Network">
      <UniqueIdentifier>{7c2dcfdb-4ff9-4842-afef-8b807031fe07}</UniqueIdentifier>
    </Filter>
    <Filter Include="Source Files\Framework">
      <UniqueIdentifier>{4b8d9adc-e8a1-477b-8b25-16694f2174bd}</UniqueIdentifier>
    </Filter>
    <Filter Include="Source Files\Network">
      <UniqueIdentifier>{509aad4c-4d01-4c8c-8bd7-afe8c75b54ea}</UniqueIdentifier>
    </Filter>
  </ItemGroup>
  <ItemGroup>
    <None Include="ReadMe.txt" />
  </ItemGroup>
  <ItemGroup>
    <ClInclude Include="stdafx.h">
      <Filter>Header Files</Filter>
    </ClInclude>
    <ClInclude Include="targetver.h">
      <Filter>Header Files</Filter>
    </ClInclude>
    <ClInclude Include="..\Plasma\CConfig.h">
      <Filter>Header Files\Framework</Filter>
    </ClInclude>
    <ClInclude Include="..\Plasma\CDatabase.h">
      <Filter>Header Files\Framework</Filter>
    </ClInclude>
    <ClInclude Include="..\Plasma\CDebug.h">
      <Filter>Header Files\Framework</Filter>
    </ClInclude>
    <ClInclude Include="..\Plasma\CFramework.h">
      <Filter>Header Files\Framework</Filter>
    </ClInclude>
    <ClInclude Include="..\Plasma\CPacket.h">
      <Filter>Header Files\Network</Filter>
    </ClInclude>
    <ClInclude Include="..\Plasma\CSocket.h">
      <Filter>Header Files\Network</Filter>
    </ClInclude>
    <ClInclude Include="..\Plasma\CSocketServer.h">
      <Filter>Header Files\Network</Filter>
    </ClInclude>
    <ClInclude Include="..\Plasma\Base64.h">
      <Filter>Header Files\Network</Filter>
    </ClInclude>
  </ItemGroup>
  <ItemGroup>
    <ClCompile Include="stdafx.cpp">
      <Filter>Source Files</Filter>
    </ClCompile>
    <ClCompile Include="Theater.cpp">
      <Filter>Source Files</Filter>
    </ClCompile>
    <ClCompile Include="..\Plasma\CConfig.cpp">
      <Filter>Source Files\Framework</Filter>
    </ClCompile>
    <ClCompile Include="..\Plasma\CDatabase.cpp">
      <Filter>Source Files\Framework</Filter>
    </ClCompile>
    <ClCompile Include="..\Plasma\CDebug.cpp">
      <Filter>Source Files\Framework</Filter>
    </ClCompile>
    <ClCompile Include="..\Plasma\CFramework.cpp">
      <Filter>Source Files\Framework</Filter>
    </ClCompile>
    <ClCompile Include="..\Plasma\CPacket.cpp">
      <Filter>Source Files\Network</Filter>
    </ClCompile>
    <ClCompile Include="..\Plasma\CSocket.cpp">
      <Filter>Source Files\Network</Filter>
    </ClCompile>
    <ClCompile Include="..\Plasma\CSocketServer.cpp">
      <Filter>Source Files\Network</Filter>
    </ClCompile>
    <ClCompile Include="ClientThread.cpp">
      <Filter>Source Files</Filter>
    </ClCompile>
    <ClCompile Include="ServerThread.cpp">
      <Filter>Source Files</Filter>
    </ClCompile>
    <ClCompile Include="..\Plasma\Base64.cpp">
      <Filter>Source Files\Network</Filter>
    </ClCompile>
  </ItemGroup>
</Project>